[
    {
        "name": "Whatsapp Gold",
        "image": "https://www.wazaps.com/uploads/original/whatsapp-gold-logo.png",
        "download_link": "https://www.wazaps.com/android/whatsapp-gold",
        "fast_links": [
            "https://fast.wazaps.download/WA2_V11.27_wazaps.com.apk"
        ]
    },
    {
        "name": "واتساب عمر العنابي",
        "image": "https://www.wazaps.com/uploads/original/واتسابعمر.jpg",
        "download_link": "https://www.wazaps.com/android/whatsapp-omar-ob",
        "fast_links": [
            "https://fast.wazaps.download/OBWhatsApp_V55_wazaps.com.apk"
        ]
    },
    {
        "name": "واتساب عمر الوردي",
        "image": "https://www.wazaps.com/uploads/original/ob2whatsapp.webp",
        "download_link": "https://www.wazaps.com/android/ob2whatsapp-apk",
        "fast_links": [
            "https://fast.wazaps.download/OB2WhatsApp_V55_wazaps.com.apk"
        ]
    },
    {
        "name": "واتساب مسنجر",
        "image": "https://www.wazaps.com/uploads/original/GEhRpkpKpnlGoQKD.png",
        "download_link": "https://www.wazaps.com/android/whatsapp-messenger",
        "fast_links": ["https://www.mediafire.com/file_premium/vruddrc7986spwc/DamascusWhatsApp_v36.apk/file"]
    },
    {
        "name": "واتساب دمشق",
        "image": "https://www.wazaps.com/uploads/original/واتسابدمشق.jpg",
        "download_link": "https://www.wazaps.com/android/syrianwhatsapp",
        "fast_links": [
            "https://www.alhadath-news.com/2020/03/DamascusWhatsApp.html?m=1"
        ]
    },
    {
        "name": "واتساب حواء",
        "image": "https://www.wazaps.com/uploads/original/واتسابحواء.jpg",
        "download_link": "https://www.wazaps.com/android/hawawhatsapp",
        "fast_links": [
            "https://www.alhadath-news.com/2019/12/HawaWhatsApp.html?m=1"
        ]
    },
    {
        "name": "واتساب ادم",
        "image": "https://www.wazaps.com/uploads/original/واتسابادمالبني.jpg",
        "download_link": "https://www.wazaps.com/android/adamwhatsapp",
        "fast_links": [
            "https://www.mediafire.com/file/acmrbgxj1wh1efm/BTWhatsApp_v2.60.apk/file"
        ]
    },
    {
        "name": "واتساب بلس الازرق",
        "image": "https://www.wazaps.com/uploads/original/تنزيل.jpeg",
        "download_link": "https://www.wazaps.com/android/whatsapp-blue-plus",
        "fast_links": [
            "https://www.mediafire.com/file/acmrbgxj1wh1efm/BTWhatsApp_v2.60.apk/file"
        ]
    },
    {
        "name": "Whatsapp Business",
        "image": "https://www.wazaps.com/uploads/original/0ziktQHaCr1sBsAt.png",
        "download_link": "https://www.wazaps.com/android/whatsapp-business-apk",
        "fast_links": []
    }
]
